# This file is autogenerated, do not edit; changes may be undone by the next 'dep ensure'.


[[projects]]
  branch = "master"
  digest = "1:0290a30302b61d17fc2949fd199e9440332c7bde610545f38318fa78ce797e2b"
  name = "github.com/key-inside/kiesnet-ccpkg"
  packages = [
    "kid",
    "stringset",
    "txtime",
  ]
  pruneopts = "UT"
  revision = "8310fb3fa59a1236266914952181ba57e711f52c"

[[projects]]
  digest = "1:40e195917a951a8bf867cd05de2a46aaf1806c50cf92eebf4c16f78cd196f747"
  name = "github.com/pkg/errors"
  packages = ["."]
  pruneopts = "UT"
  revision = "645ef00459ed84a119197bfb8d8205042c6df63d"
  version = "v0.8.0"

[[projects]]
  branch = "master"
  digest = "1:0a733d91d2a819c502ba47ecddfd51a9938b3d61213d24d559947aed81230f70"
  name = "golang.org/x/crypto"
  packages = [
    "ripemd160",
    "sha3",
  ]
  pruneopts = "UT"
  revision = "3d3f9f413869b949e48070b5bc593aa22cc2b8f2"

[solve-meta]
  analyzer-name = "dep"
  analyzer-version = 1
  input-imports = [
    "github.com/key-inside/kiesnet-ccpkg/kid",
    "github.com/key-inside/kiesnet-ccpkg/stringset",
    "github.com/key-inside/kiesnet-ccpkg/txtime",
    "github.com/pkg/errors",
    "golang.org/x/crypto/ripemd160",
    "golang.org/x/crypto/sha3",
  ]
  solver-name = "gps-cdcl"
  solver-version = 1
